
Microsoft Visual Studio Solution File, Format Version 12.00
# Visual Studio Version 17
VisualStudioVersion = 17.7.34003.232
MinimumVisualStudioVersion = 10.0.40219.1
Project("{FAE04EC0-301F-11D3-BF4B-00C04F79EFBC}") = "Asp project", "Asp project\Asp project.csproj", "{D68BC227-0AB0-4FF3-8122-2141032A5521}"
EndProject
Global
	GlobalSection(SolutionConfigurationPlatforms) = preSolution
		Debug|Any CPU = Debug|Any CPU
		Release|Any CPU = Release|Any CPU
	EndGlobalSection
	GlobalSection(ProjectConfigurationPlatforms) = postSolution
		{D68BC227-0AB0-4FF3-8122-2141032A5521}.Debug|Any CPU.ActiveCfg = Debug|Any CPU
		{D68BC227-0AB0-4FF3-8122-2141032A5521}.Debug|Any CPU.Build.0 = Debug|Any CPU
		{D68BC227-0AB0-4FF3-8122-2141032A5521}.Release|Any CPU.ActiveCfg = Release|Any CPU
		{D68BC227-0AB0-4FF3-8122-2141032A5521}.Release|Any CPU.Build.0 = Release|Any CPU
	EndGlobalSection
	GlobalSection(SolutionProperties) = preSolution
		HideSolutionNode = FALSE
	EndGlobalSection
	GlobalSection(ExtensibilityGlobals) = postSolution
		SolutionGuid = {F91D781D-88CD-4D9D-9F16-7C06108D7C7B}
	EndGlobalSection
EndGlobal
